<Solution>
  <Folder Name="/BuildingBlocks/">
    <Project Path="BuildingBlocks/BuildingBlocks/BuildingBlocks.csproj" Id="f2348e1c-54e1-46f6-b241-407784e78b2d" />
  </Folder>
  <Folder Name="/Services/" />
  <Folder Name="/Services/Basket/">
    <Project Path="Services/Basket/Basket.API/Basket.API.csproj" Id="0df7f44a-643f-4b1a-b150-de299a271a97" />
  </Folder>
  <Folder Name="/Services/Catalog/">
    <Project Path="Services/Catalog/Catalog.API/Catalog.API.csproj" Id="1197eba1-6542-49d7-a0dc-54a6ee8bf780" />
  </Folder>
  <Folder Name="/Services/Discount/">
    <Project Path="Services/Discount/Discount.Grpc/Discount.Grpc.csproj" Id="57e9ac5b-5af2-4ea7-ac6c-12702399ffa3" />
  </Folder>
  <Project Path="docker-compose.dcproj">
    <Build />
  </Project>
</Solution>
